
Microsoft Visual Studio Solution File, Format Version 12.00
# Visual Studio 2017
Project("{FAE04EC0-301F-11D3-BF4B-00C04F79EFBC}") = "TestCard", "TestCard.csproj", "{1A4420A5-C06A-245B-CFB5-BA730E39A8C3}"
EndProject
Project("{FAE04EC0-301F-11D3-BF4B-00C04F79EFBC}") = "TestCard.Editor", "TestCard.Editor.csproj", "{A6177C4A-6CA2-4A60-25F9-322A1CF065A6}"
EndProject
Global
	GlobalSection(SolutionConfigurationPlatforms) = preSolution
		Debug|Any CPU = Debug|Any CPU
		Release|Any CPU = Release|Any CPU
	EndGlobalSection
	GlobalSection(ProjectConfigurationPlatforms) = postSolution
		{1A4420A5-C06A-245B-CFB5-BA730E39A8C3}.Debug|Any CPU.ActiveCfg = Debug|Any CPU
		{1A4420A5-C06A-245B-CFB5-BA730E39A8C3}.Debug|Any CPU.Build.0 = Debug|Any CPU
		{1A4420A5-C06A-245B-CFB5-BA730E39A8C3}.Release|Any CPU.ActiveCfg = Release|Any CPU
		{1A4420A5-C06A-245B-CFB5-BA730E39A8C3}.Release|Any CPU.Build.0 = Release|Any CPU
		{A6177C4A-6CA2-4A60-25F9-322A1CF065A6}.Debug|Any CPU.ActiveCfg = Debug|Any CPU
		{A6177C4A-6CA2-4A60-25F9-322A1CF065A6}.Debug|Any CPU.Build.0 = Debug|Any CPU
		{A6177C4A-6CA2-4A60-25F9-322A1CF065A6}.Release|Any CPU.ActiveCfg = Release|Any CPU
		{A6177C4A-6CA2-4A60-25F9-322A1CF065A6}.Release|Any CPU.Build.0 = Release|Any CPU
	EndGlobalSection
	GlobalSection(SolutionProperties) = preSolution
		HideSolutionNode = FALSE
	EndGlobalSection
EndGlobal
